
Microsoft Visual Studio Solution File, Format Version 12.00
# Visual Studio 15
VisualStudioVersion = 15.0.26730.12
MinimumVisualStudioVersion = 10.0.40219.1
Project("{2150E333-8FDC-42A3-9474-1A3956D46DE8}") = "Infrastructure", "Infrastructure", "{DAF868DA-A95A-4B09-AACB-F840D27CF5CE}"
EndProject
Project("{2150E333-8FDC-42A3-9474-1A3956D46DE8}") = "Modules", "Modules", "{F8F4C3E7-A981-48A4-AB6C-7E27B55ED66E}"
EndProject
Project("{2150E333-8FDC-42A3-9474-1A3956D46DE8}") = "Administration", "Administration", "{B54C5D68-7C55-437C-AFEE-4911328AE246}"
EndProject
Project("{9A19103F-16F7-4668-BE54-9A1E7A4F7556}") = "Administration.Presenters", "Modules\Administration\Administration.Presenters\Administration.Presenters.csproj", "{929054F5-A96B-4CE1-A716-E5D1EAB57B16}"
EndProject
Project("{9A19103F-16F7-4668-BE54-9A1E7A4F7556}") = "Administration.Bll", "Modules\Administration\Administration.Bll\Administration.Bll.csproj", "{59FB729E-B4E9-4553-8E8C-4CE6E5FA15AC}"
EndProject
Project("{9A19103F-16F7-4668-BE54-9A1E7A4F7556}") = "Administration.Entities", "Modules\Administration\Administration.Entities\Administration.Entities.csproj", "{81FFDCBE-701C-4F0F-814B-26235583897F}"
EndProject
Project("{2150E333-8FDC-42A3-9474-1A3956D46DE8}") = "Data", "Data", "{86AF80B6-E9CE-4620-9349-C9026333D725}"
EndProject
Project("{2150E333-8FDC-42A3-9474-1A3956D46DE8}") = "Database", "Database", "{D8148D94-123B-4555-A60A-054866589DE0}"
EndProject
Project("{2150E333-8FDC-42A3-9474-1A3956D46DE8}") = "Store", "Store", "{9A84EBD1-7CD6-4F4B-B700-96EBEACAFA0F}"
EndProject
Project("{9A19103F-16F7-4668-BE54-9A1E7A4F7556}") = "Store.Entities", "Modules\Store\Store.Entites\Store.Entities.csproj", "{5CD96F68-593F-4F87-A587-101C5D52BB7E}"
EndProject
Project("{9A19103F-16F7-4668-BE54-9A1E7A4F7556}") = "Infrastructure.Data.Common", "Infrastructure\Data\Infrastructure.Data.Common\Infrastructure.Data.Common.csproj", "{70BE8E9F-F9A9-498D-B97D-B7748124FE68}"
EndProject
Project("{9A19103F-16F7-4668-BE54-9A1E7A4F7556}") = "Infrastructure.Database.DbConfig", "Infrastructure\Database\Infrastructure.Database.DbConfig\Infrastructure.Database.DbConfig.csproj", "{A5E2E9AF-D11E-4F05-97CF-7583ADD737EA}"
EndProject
Project("{9A19103F-16F7-4668-BE54-9A1E7A4F7556}") = "Infrastructure.Database.Repository", "Infrastructure\Database\Infrastructure.Database.Repository\Infrastructure.Database.Repository.csproj", "{18F2B25D-D1AF-4887-A377-BFD69CF1FE55}"
EndProject
Project("{2150E333-8FDC-42A3-9474-1A3956D46DE8}") = "Services", "Services", "{434D1488-DC5B-4D16-AE82-F70B1DFD1A5F}"
EndProject
Project("{9A19103F-16F7-4668-BE54-9A1E7A4F7556}") = "Infrastructure.Services.Multitenancy", "Infrastructure\Services\Infrastructure.Services.Multitenancy\Infrastructure.Services.Multitenancy.csproj", "{E3BF0742-C368-4C5C-A42C-49AC66DA5F84}"
EndProject
Project("{9A19103F-16F7-4668-BE54-9A1E7A4F7556}") = "Infrastructure.Services.Common", "Infrastructure\Services\Infrastructure.Services.Common\Infrastructure.Services.Common.csproj", "{93A7F67D-661B-4A24-8588-1FD13B6C176C}"
EndProject
Project("{9A19103F-16F7-4668-BE54-9A1E7A4F7556}") = "Store.Bll", "Modules\Store\Store.Bll\Store.Bll.csproj", "{078B72CD-4060-4FF8-A051-A396174021E7}"
EndProject
Project("{9A19103F-16F7-4668-BE54-9A1E7A4F7556}") = "Store.Presenters", "Modules\Store\Store.Presenters\Store.Presenters.csproj", "{6FAC8CB8-E2E0-41E9-B24C-D1A04880CF37}"
EndProject
Project("{9A19103F-16F7-4668-BE54-9A1E7A4F7556}") = "ModulesCommon", "Modules\ModulesCommon\ModulesCommon.csproj", "{5D19916D-FF60-47E0-B0FA-57494069063D}"
EndProject
Project("{9A19103F-16F7-4668-BE54-9A1E7A4F7556}") = "Web", "Web\Web.csproj", "{A0FBC9C2-1EEF-4A9E-A6C4-F8C58778C851}"
EndProject
Project("{2150E333-8FDC-42A3-9474-1A3956D46DE8}") = "Supplier", "Supplier", "{696F5D7F-4FED-475A-8200-5EBA0AA85276}"
EndProject
Project("{9A19103F-16F7-4668-BE54-9A1E7A4F7556}") = "Supplier.Bll", "Modules\Supplier\Supplier.Bll\Supplier.Bll.csproj", "{64661E2A-539D-4456-99F1-42A1B1EBFF99}"
EndProject
Project("{9A19103F-16F7-4668-BE54-9A1E7A4F7556}") = "Supplier.Entities", "Modules\Supplier\Supplier.Entities\Supplier.Entities.csproj", "{C521AD91-A4D3-4EEB-AA82-17F1D267811E}"
EndProject
Project("{9A19103F-16F7-4668-BE54-9A1E7A4F7556}") = "Supplier.Presenters", "Modules\Supplier\Supplier.Presenters\Supplier.Presenters.csproj", "{38331798-FAA2-4253-966E-9EA1639A0718}"
EndProject
Project("{2150E333-8FDC-42A3-9474-1A3956D46DE8}") = "Manufacturer", "Manufacturer", "{8DFACD31-8721-419F-995A-5A9413B6C04B}"
EndProject
Project("{9A19103F-16F7-4668-BE54-9A1E7A4F7556}") = "Manufacturer.Bll", "Modules\Manufacturer\Manufacturer.Bll\Manufacturer.Bll.csproj", "{3C1A5430-4DD2-4D75-8914-BEC7E70F4DE0}"
EndProject
Project("{9A19103F-16F7-4668-BE54-9A1E7A4F7556}") = "Manufacturer.Entities", "Modules\Manufacturer\Manufacturer.Entities\Manufacturer.Entities.csproj", "{3B4167B9-8626-4FD2-8995-649BAB2AFEA2}"
EndProject
Project("{9A19103F-16F7-4668-BE54-9A1E7A4F7556}") = "Manufacturer.Presenters", "Modules\Manufacturer\Manufacturer.Presenters\Manufacturer.Presenters.csproj", "{D1A686FD-0D60-49E2-8005-8A204F14C350}"
EndProject
Project("{2150E333-8FDC-42A3-9474-1A3956D46DE8}") = "Client", "Client", "{48F34429-E7A9-43C9-8C5A-31C55A913682}"
EndProject
Project("{9A19103F-16F7-4668-BE54-9A1E7A4F7556}") = "Client.Bll", "Modules\Client\Client.Bll\Client.Bll.csproj", "{A4743678-071F-4D9E-8E32-3D81D67D42F0}"
EndProject
Project("{9A19103F-16F7-4668-BE54-9A1E7A4F7556}") = "Client.Entities", "Modules\Client\Client.Entities\Client.Entities.csproj", "{43F2E089-A644-4A61-BA1B-F03DCB49FBB3}"
EndProject
Project("{9A19103F-16F7-4668-BE54-9A1E7A4F7556}") = "Client.Presenters", "Modules\Client\Client.Presenters\Client.Presenters.csproj", "{7F4950A9-1562-4DDA-9559-46D402350003}"
EndProject
Project("{2150E333-8FDC-42A3-9474-1A3956D46DE8}") = "Product", "Product", "{5B6F8697-FDC2-4905-B948-EA291BD50BD2}"
EndProject
Project("{9A19103F-16F7-4668-BE54-9A1E7A4F7556}") = "Product.Bll", "Modules\Product\Product.Bll\Product.Bll.csproj", "{A21B2A2F-10FA-4E60-9973-324BA5721828}"
EndProject
Project("{9A19103F-16F7-4668-BE54-9A1E7A4F7556}") = "Product.Entities", "Modules\Product\Product.Entities\Product.Entities.csproj", "{BD251F86-2DF4-4BD7-85ED-E272200979BE}"
EndProject
Project("{9A19103F-16F7-4668-BE54-9A1E7A4F7556}") = "Product.Presenters", "Modules\Product\Product.Presenters\Product.Presenters.csproj", "{BED0AC92-1198-4507-9FB6-7F964CA3B5A0}"
EndProject
Project("{FAE04EC0-301F-11D3-BF4B-00C04F79EFBC}") = "Infrastructure.Services.ContentServer", "Infrastructure\Services\Infrastructure.Services.ContentServer\Infrastructure.Services.ContentServer.csproj", "{8EFFF3E3-7EF5-45E2-B39E-4A87F889D750}"
EndProject
Global
	GlobalSection(SolutionConfigurationPlatforms) = preSolution
		Debug|Any CPU = Debug|Any CPU
		Release|Any CPU = Release|Any CPU
	EndGlobalSection
	GlobalSection(ProjectConfigurationPlatforms) = postSolution
		{929054F5-A96B-4CE1-A716-E5D1EAB57B16}.Debug|Any CPU.ActiveCfg = Debug|Any CPU
		{929054F5-A96B-4CE1-A716-E5D1EAB57B16}.Debug|Any CPU.Build.0 = Debug|Any CPU
		{929054F5-A96B-4CE1-A716-E5D1EAB57B16}.Release|Any CPU.ActiveCfg = Release|Any CPU
		{929054F5-A96B-4CE1-A716-E5D1EAB57B16}.Release|Any CPU.Build.0 = Release|Any CPU
		{59FB729E-B4E9-4553-8E8C-4CE6E5FA15AC}.Debug|Any CPU.ActiveCfg = Debug|Any CPU
		{59FB729E-B4E9-4553-8E8C-4CE6E5FA15AC}.Debug|Any CPU.Build.0 = Debug|Any CPU
		{59FB729E-B4E9-4553-8E8C-4CE6E5FA15AC}.Release|Any CPU.ActiveCfg = Release|Any CPU
		{59FB729E-B4E9-4553-8E8C-4CE6E5FA15AC}.Release|Any CPU.Build.0 = Release|Any CPU
		{81FFDCBE-701C-4F0F-814B-26235583897F}.Debug|Any CPU.ActiveCfg = Debug|Any CPU
		{81FFDCBE-701C-4F0F-814B-26235583897F}.Debug|Any CPU.Build.0 = Debug|Any CPU
		{81FFDCBE-701C-4F0F-814B-26235583897F}.Release|Any CPU.ActiveCfg = Release|Any CPU
		{81FFDCBE-701C-4F0F-814B-26235583897F}.Release|Any CPU.Build.0 = Release|Any CPU
		{5CD96F68-593F-4F87-A587-101C5D52BB7E}.Debug|Any CPU.ActiveCfg = Debug|Any CPU
		{5CD96F68-593F-4F87-A587-101C5D52BB7E}.Debug|Any CPU.Build.0 = Debug|Any CPU
		{5CD96F68-593F-4F87-A587-101C5D52BB7E}.Release|Any CPU.ActiveCfg = Release|Any CPU
		{5CD96F68-593F-4F87-A587-101C5D52BB7E}.Release|Any CPU.Build.0 = Release|Any CPU
		{70BE8E9F-F9A9-498D-B97D-B7748124FE68}.Debug|Any CPU.ActiveCfg = Debug|Any CPU
		{70BE8E9F-F9A9-498D-B97D-B7748124FE68}.Debug|Any CPU.Build.0 = Debug|Any CPU
		{70BE8E9F-F9A9-498D-B97D-B7748124FE68}.Release|Any CPU.ActiveCfg = Release|Any CPU
		{70BE8E9F-F9A9-498D-B97D-B7748124FE68}.Release|Any CPU.Build.0 = Release|Any CPU
		{A5E2E9AF-D11E-4F05-97CF-7583ADD737EA}.Debug|Any CPU.ActiveCfg = Debug|Any CPU
		{A5E2E9AF-D11E-4F05-97CF-7583ADD737EA}.Debug|Any CPU.Build.0 = Debug|Any CPU
		{A5E2E9AF-D11E-4F05-97CF-7583ADD737EA}.Release|Any CPU.ActiveCfg = Release|Any CPU
		{A5E2E9AF-D11E-4F05-97CF-7583ADD737EA}.Release|Any CPU.Build.0 = Release|Any CPU
		{18F2B25D-D1AF-4887-A377-BFD69CF1FE55}.Debug|Any CPU.ActiveCfg = Debug|Any CPU
		{18F2B25D-D1AF-4887-A377-BFD69CF1FE55}.Debug|Any CPU.Build.0 = Debug|Any CPU
		{18F2B25D-D1AF-4887-A377-BFD69CF1FE55}.Release|Any CPU.ActiveCfg = Release|Any CPU
		{18F2B25D-D1AF-4887-A377-BFD69CF1FE55}.Release|Any CPU.Build.0 = Release|Any CPU
		{E3BF0742-C368-4C5C-A42C-49AC66DA5F84}.Debug|Any CPU.ActiveCfg = Debug|Any CPU
		{E3BF0742-C368-4C5C-A42C-49AC66DA5F84}.Debug|Any CPU.Build.0 = Debug|Any CPU
		{E3BF0742-C368-4C5C-A42C-49AC66DA5F84}.Release|Any CPU.ActiveCfg = Release|Any CPU
		{E3BF0742-C368-4C5C-A42C-49AC66DA5F84}.Release|Any CPU.Build.0 = Release|Any CPU
		{93A7F67D-661B-4A24-8588-1FD13B6C176C}.Debug|Any CPU.ActiveCfg = Debug|Any CPU
		{93A7F67D-661B-4A24-8588-1FD13B6C176C}.Debug|Any CPU.Build.0 = Debug|Any CPU
		{93A7F67D-661B-4A24-8588-1FD13B6C176C}.Release|Any CPU.ActiveCfg = Release|Any CPU
		{93A7F67D-661B-4A24-8588-1FD13B6C176C}.Release|Any CPU.Build.0 = Release|Any CPU
		{078B72CD-4060-4FF8-A051-A396174021E7}.Debug|Any CPU.ActiveCfg = Debug|Any CPU
		{078B72CD-4060-4FF8-A051-A396174021E7}.Debug|Any CPU.Build.0 = Debug|Any CPU
		{078B72CD-4060-4FF8-A051-A396174021E7}.Release|Any CPU.ActiveCfg = Release|Any CPU
		{078B72CD-4060-4FF8-A051-A396174021E7}.Release|Any CPU.Build.0 = Release|Any CPU
		{6FAC8CB8-E2E0-41E9-B24C-D1A04880CF37}.Debug|Any CPU.ActiveCfg = Debug|Any CPU
		{6FAC8CB8-E2E0-41E9-B24C-D1A04880CF37}.Debug|Any CPU.Build.0 = Debug|Any CPU
		{6FAC8CB8-E2E0-41E9-B24C-D1A04880CF37}.Release|Any CPU.ActiveCfg = Release|Any CPU
		{6FAC8CB8-E2E0-41E9-B24C-D1A04880CF37}.Release|Any CPU.Build.0 = Release|Any CPU
		{5D19916D-FF60-47E0-B0FA-57494069063D}.Debug|Any CPU.ActiveCfg = Debug|Any CPU
		{5D19916D-FF60-47E0-B0FA-57494069063D}.Debug|Any CPU.Build.0 = Debug|Any CPU
		{5D19916D-FF60-47E0-B0FA-57494069063D}.Release|Any CPU.ActiveCfg = Release|Any CPU
		{5D19916D-FF60-47E0-B0FA-57494069063D}.Release|Any CPU.Build.0 = Release|Any CPU
		{A0FBC9C2-1EEF-4A9E-A6C4-F8C58778C851}.Debug|Any CPU.ActiveCfg = Debug|Any CPU
		{A0FBC9C2-1EEF-4A9E-A6C4-F8C58778C851}.Debug|Any CPU.Build.0 = Debug|Any CPU
		{A0FBC9C2-1EEF-4A9E-A6C4-F8C58778C851}.Release|Any CPU.ActiveCfg = Release|Any CPU
		{A0FBC9C2-1EEF-4A9E-A6C4-F8C58778C851}.Release|Any CPU.Build.0 = Release|Any CPU
		{64661E2A-539D-4456-99F1-42A1B1EBFF99}.Debug|Any CPU.ActiveCfg = Debug|Any CPU
		{64661E2A-539D-4456-99F1-42A1B1EBFF99}.Debug|Any CPU.Build.0 = Debug|Any CPU
		{64661E2A-539D-4456-99F1-42A1B1EBFF99}.Release|Any CPU.ActiveCfg = Release|Any CPU
		{64661E2A-539D-4456-99F1-42A1B1EBFF99}.Release|Any CPU.Build.0 = Release|Any CPU
		{C521AD91-A4D3-4EEB-AA82-17F1D267811E}.Debug|Any CPU.ActiveCfg = Debug|Any CPU
		{C521AD91-A4D3-4EEB-AA82-17F1D267811E}.Debug|Any CPU.Build.0 = Debug|Any CPU
		{C521AD91-A4D3-4EEB-AA82-17F1D267811E}.Release|Any CPU.ActiveCfg = Release|Any CPU
		{C521AD91-A4D3-4EEB-AA82-17F1D267811E}.Release|Any CPU.Build.0 = Release|Any CPU
		{38331798-FAA2-4253-966E-9EA1639A0718}.Debug|Any CPU.ActiveCfg = Debug|Any CPU
		{38331798-FAA2-4253-966E-9EA1639A0718}.Debug|Any CPU.Build.0 = Debug|Any CPU
		{38331798-FAA2-4253-966E-9EA1639A0718}.Release|Any CPU.ActiveCfg = Release|Any CPU
		{38331798-FAA2-4253-966E-9EA1639A0718}.Release|Any CPU.Build.0 = Release|Any CPU
		{3C1A5430-4DD2-4D75-8914-BEC7E70F4DE0}.Debug|Any CPU.ActiveCfg = Debug|Any CPU
		{3C1A5430-4DD2-4D75-8914-BEC7E70F4DE0}.Debug|Any CPU.Build.0 = Debug|Any CPU
		{3C1A5430-4DD2-4D75-8914-BEC7E70F4DE0}.Release|Any CPU.ActiveCfg = Release|Any CPU
		{3C1A5430-4DD2-4D75-8914-BEC7E70F4DE0}.Release|Any CPU.Build.0 = Release|Any CPU
		{3B4167B9-8626-4FD2-8995-649BAB2AFEA2}.Debug|Any CPU.ActiveCfg = Debug|Any CPU
		{3B4167B9-8626-4FD2-8995-649BAB2AFEA2}.Debug|Any CPU.Build.0 = Debug|Any CPU
		{3B4167B9-8626-4FD2-8995-649BAB2AFEA2}.Release|Any CPU.ActiveCfg = Release|Any CPU
		{3B4167B9-8626-4FD2-8995-649BAB2AFEA2}.Release|Any CPU.Build.0 = Release|Any CPU
		{D1A686FD-0D60-49E2-8005-8A204F14C350}.Debug|Any CPU.ActiveCfg = Debug|Any CPU
		{D1A686FD-0D60-49E2-8005-8A204F14C350}.Debug|Any CPU.Build.0 = Debug|Any CPU
		{D1A686FD-0D60-49E2-8005-8A204F14C350}.Release|Any CPU.ActiveCfg = Release|Any CPU
		{D1A686FD-0D60-49E2-8005-8A204F14C350}.Release|Any CPU.Build.0 = Release|Any CPU
		{A4743678-071F-4D9E-8E32-3D81D67D42F0}.Debug|Any CPU.ActiveCfg = Debug|Any CPU
		{A4743678-071F-4D9E-8E32-3D81D67D42F0}.Debug|Any CPU.Build.0 = Debug|Any CPU
		{A4743678-071F-4D9E-8E32-3D81D67D42F0}.Release|Any CPU.ActiveCfg = Release|Any CPU
		{A4743678-071F-4D9E-8E32-3D81D67D42F0}.Release|Any CPU.Build.0 = Release|Any CPU
		{43F2E089-A644-4A61-BA1B-F03DCB49FBB3}.Debug|Any CPU.ActiveCfg = Debug|Any CPU
		{43F2E089-A644-4A61-BA1B-F03DCB49FBB3}.Debug|Any CPU.Build.0 = Debug|Any CPU
		{43F2E089-A644-4A61-BA1B-F03DCB49FBB3}.Release|Any CPU.ActiveCfg = Release|Any CPU
		{43F2E089-A644-4A61-BA1B-F03DCB49FBB3}.Release|Any CPU.Build.0 = Release|Any CPU
		{7F4950A9-1562-4DDA-9559-46D402350003}.Debug|Any CPU.ActiveCfg = Debug|Any CPU
		{7F4950A9-1562-4DDA-9559-46D402350003}.Debug|Any CPU.Build.0 = Debug|Any CPU
		{7F4950A9-1562-4DDA-9559-46D402350003}.Release|Any CPU.ActiveCfg = Release|Any CPU
		{7F4950A9-1562-4DDA-9559-46D402350003}.Release|Any CPU.Build.0 = Release|Any CPU
		{A21B2A2F-10FA-4E60-9973-324BA5721828}.Debug|Any CPU.ActiveCfg = Debug|Any CPU
		{A21B2A2F-10FA-4E60-9973-324BA5721828}.Debug|Any CPU.Build.0 = Debug|Any CPU
		{A21B2A2F-10FA-4E60-9973-324BA5721828}.Release|Any CPU.ActiveCfg = Release|Any CPU
		{A21B2A2F-10FA-4E60-9973-324BA5721828}.Release|Any CPU.Build.0 = Release|Any CPU
		{BD251F86-2DF4-4BD7-85ED-E272200979BE}.Debug|Any CPU.ActiveCfg = Debug|Any CPU
		{BD251F86-2DF4-4BD7-85ED-E272200979BE}.Debug|Any CPU.Build.0 = Debug|Any CPU
		{BD251F86-2DF4-4BD7-85ED-E272200979BE}.Release|Any CPU.ActiveCfg = Release|Any CPU
		{BD251F86-2DF4-4BD7-85ED-E272200979BE}.Release|Any CPU.Build.0 = Release|Any CPU
		{BED0AC92-1198-4507-9FB6-7F964CA3B5A0}.Debug|Any CPU.ActiveCfg = Debug|Any CPU
		{BED0AC92-1198-4507-9FB6-7F964CA3B5A0}.Debug|Any CPU.Build.0 = Debug|Any CPU
		{BED0AC92-1198-4507-9FB6-7F964CA3B5A0}.Release|Any CPU.ActiveCfg = Release|Any CPU
		{BED0AC92-1198-4507-9FB6-7F964CA3B5A0}.Release|Any CPU.Build.0 = Release|Any CPU
		{8EFFF3E3-7EF5-45E2-B39E-4A87F889D750}.Debug|Any CPU.ActiveCfg = Debug|Any CPU
		{8EFFF3E3-7EF5-45E2-B39E-4A87F889D750}.Debug|Any CPU.Build.0 = Debug|Any CPU
		{8EFFF3E3-7EF5-45E2-B39E-4A87F889D750}.Release|Any CPU.ActiveCfg = Release|Any CPU
		{8EFFF3E3-7EF5-45E2-B39E-4A87F889D750}.Release|Any CPU.Build.0 = Release|Any CPU
	EndGlobalSection
	GlobalSection(SolutionProperties) = preSolution
		HideSolutionNode = FALSE
	EndGlobalSection
	GlobalSection(NestedProjects) = preSolution
		{B54C5D68-7C55-437C-AFEE-4911328AE246} = {F8F4C3E7-A981-48A4-AB6C-7E27B55ED66E}
		{929054F5-A96B-4CE1-A716-E5D1EAB57B16} = {B54C5D68-7C55-437C-AFEE-4911328AE246}
		{59FB729E-B4E9-4553-8E8C-4CE6E5FA15AC} = {B54C5D68-7C55-437C-AFEE-4911328AE246}
		{81FFDCBE-701C-4F0F-814B-26235583897F} = {B54C5D68-7C55-437C-AFEE-4911328AE246}
		{86AF80B6-E9CE-4620-9349-C9026333D725} = {DAF868DA-A95A-4B09-AACB-F840D27CF5CE}
		{D8148D94-123B-4555-A60A-054866589DE0} = {DAF868DA-A95A-4B09-AACB-F840D27CF5CE}
		{9A84EBD1-7CD6-4F4B-B700-96EBEACAFA0F} = {F8F4C3E7-A981-48A4-AB6C-7E27B55ED66E}
		{5CD96F68-593F-4F87-A587-101C5D52BB7E} = {9A84EBD1-7CD6-4F4B-B700-96EBEACAFA0F}
		{70BE8E9F-F9A9-498D-B97D-B7748124FE68} = {86AF80B6-E9CE-4620-9349-C9026333D725}
		{A5E2E9AF-D11E-4F05-97CF-7583ADD737EA} = {D8148D94-123B-4555-A60A-054866589DE0}
		{18F2B25D-D1AF-4887-A377-BFD69CF1FE55} = {D8148D94-123B-4555-A60A-054866589DE0}
		{434D1488-DC5B-4D16-AE82-F70B1DFD1A5F} = {DAF868DA-A95A-4B09-AACB-F840D27CF5CE}
		{E3BF0742-C368-4C5C-A42C-49AC66DA5F84} = {434D1488-DC5B-4D16-AE82-F70B1DFD1A5F}
		{93A7F67D-661B-4A24-8588-1FD13B6C176C} = {434D1488-DC5B-4D16-AE82-F70B1DFD1A5F}
		{078B72CD-4060-4FF8-A051-A396174021E7} = {9A84EBD1-7CD6-4F4B-B700-96EBEACAFA0F}
		{6FAC8CB8-E2E0-41E9-B24C-D1A04880CF37} = {9A84EBD1-7CD6-4F4B-B700-96EBEACAFA0F}
		{5D19916D-FF60-47E0-B0FA-57494069063D} = {F8F4C3E7-A981-48A4-AB6C-7E27B55ED66E}
		{696F5D7F-4FED-475A-8200-5EBA0AA85276} = {F8F4C3E7-A981-48A4-AB6C-7E27B55ED66E}
		{64661E2A-539D-4456-99F1-42A1B1EBFF99} = {696F5D7F-4FED-475A-8200-5EBA0AA85276}
		{C521AD91-A4D3-4EEB-AA82-17F1D267811E} = {696F5D7F-4FED-475A-8200-5EBA0AA85276}
		{38331798-FAA2-4253-966E-9EA1639A0718} = {696F5D7F-4FED-475A-8200-5EBA0AA85276}
		{8DFACD31-8721-419F-995A-5A9413B6C04B} = {F8F4C3E7-A981-48A4-AB6C-7E27B55ED66E}
		{3C1A5430-4DD2-4D75-8914-BEC7E70F4DE0} = {8DFACD31-8721-419F-995A-5A9413B6C04B}
		{3B4167B9-8626-4FD2-8995-649BAB2AFEA2} = {8DFACD31-8721-419F-995A-5A9413B6C04B}
		{D1A686FD-0D60-49E2-8005-8A204F14C350} = {8DFACD31-8721-419F-995A-5A9413B6C04B}
		{48F34429-E7A9-43C9-8C5A-31C55A913682} = {F8F4C3E7-A981-48A4-AB6C-7E27B55ED66E}
		{A4743678-071F-4D9E-8E32-3D81D67D42F0} = {48F34429-E7A9-43C9-8C5A-31C55A913682}
		{43F2E089-A644-4A61-BA1B-F03DCB49FBB3} = {48F34429-E7A9-43C9-8C5A-31C55A913682}
		{7F4950A9-1562-4DDA-9559-46D402350003} = {48F34429-E7A9-43C9-8C5A-31C55A913682}
		{5B6F8697-FDC2-4905-B948-EA291BD50BD2} = {F8F4C3E7-A981-48A4-AB6C-7E27B55ED66E}
		{A21B2A2F-10FA-4E60-9973-324BA5721828} = {5B6F8697-FDC2-4905-B948-EA291BD50BD2}
		{BD251F86-2DF4-4BD7-85ED-E272200979BE} = {5B6F8697-FDC2-4905-B948-EA291BD50BD2}
		{BED0AC92-1198-4507-9FB6-7F964CA3B5A0} = {5B6F8697-FDC2-4905-B948-EA291BD50BD2}
		{8EFFF3E3-7EF5-45E2-B39E-4A87F889D750} = {434D1488-DC5B-4D16-AE82-F70B1DFD1A5F}
	EndGlobalSection
	GlobalSection(ExtensibilityGlobals) = postSolution
		SolutionGuid = {CC65E10D-A9A7-41F3-BF46-12B8AA7E51DD}
	EndGlobalSection
EndGlobal
